
Microsoft Visual Studio Solution File, Format Version 12.00
# Visual Studio Version 17
VisualStudioVersion = 17.6.33815.320
MinimumVisualStudioVersion = 10.0.40219.1
Project("{FAE04EC0-301F-11D3-BF4B-00C04F79EFBC}") = "SipayTask1", "SipayTask1\SipayTask1.csproj", "{0BA7F637-5F8E-483D-AFFD-3133EF52D733}"
EndProject
Global
	GlobalSection(SolutionConfigurationPlatforms) = preSolution
		Debug|Any CPU = Debug|Any CPU
		Release|Any CPU = Release|Any CPU
	EndGlobalSection
	GlobalSection(ProjectConfigurationPlatforms) = postSolution
		{0BA7F637-5F8E-483D-AFFD-3133EF52D733}.Debug|Any CPU.ActiveCfg = Debug|Any CPU
		{0BA7F637-5F8E-483D-AFFD-3133EF52D733}.Debug|Any CPU.Build.0 = Debug|Any CPU
		{0BA7F637-5F8E-483D-AFFD-3133EF52D733}.Release|Any CPU.ActiveCfg = Release|Any CPU
		{0BA7F637-5F8E-483D-AFFD-3133EF52D733}.Release|Any CPU.Build.0 = Release|Any CPU
	EndGlobalSection
	GlobalSection(SolutionProperties) = preSolution
		HideSolutionNode = FALSE
	EndGlobalSection
	GlobalSection(ExtensibilityGlobals) = postSolution
		SolutionGuid = {3A95C2C6-D89E-4662-B7D0-CD441C1DC24D}
	EndGlobalSection
EndGlobal
