
Microsoft Visual Studio Solution File, Format Version 12.00
# Visual Studio Version 17
VisualStudioVersion = 17.6.33829.357
MinimumVisualStudioVersion = 10.0.40219.1
Project("{9A19103F-16F7-4668-BE54-9A1E7A4F7556}") = "TransactionFilterAPI.Service", "TransactionFilterAPI.Service\TransactionFilterAPI.Service.csproj", "{78FF6B37-1759-4203-82DD-1808E91C2A95}"
EndProject
Project("{9A19103F-16F7-4668-BE54-9A1E7A4F7556}") = "TransactionFilterAPI.Base", "TransactionFilterAPI.Base\TransactionFilterAPI.Base.csproj", "{F6815925-3E4F-41E3-81BF-F1D917C0994C}"
EndProject
Project("{9A19103F-16F7-4668-BE54-9A1E7A4F7556}") = "TransactionFilterAPI.Data", "TransactionFilterAPI.Data\TransactionFilterAPI.Data.csproj", "{3E98B54C-B403-4D70-8C2B-44057BA5F867}"
EndProject
Global
	GlobalSection(SolutionConfigurationPlatforms) = preSolution
		Debug|Any CPU = Debug|Any CPU
		Release|Any CPU = Release|Any CPU
	EndGlobalSection
	GlobalSection(ProjectConfigurationPlatforms) = postSolution
		{78FF6B37-1759-4203-82DD-1808E91C2A95}.Debug|Any CPU.ActiveCfg = Debug|Any CPU
		{78FF6B37-1759-4203-82DD-1808E91C2A95}.Debug|Any CPU.Build.0 = Debug|Any CPU
		{78FF6B37-1759-4203-82DD-1808E91C2A95}.Release|Any CPU.ActiveCfg = Release|Any CPU
		{78FF6B37-1759-4203-82DD-1808E91C2A95}.Release|Any CPU.Build.0 = Release|Any CPU
		{F6815925-3E4F-41E3-81BF-F1D917C0994C}.Debug|Any CPU.ActiveCfg = Debug|Any CPU
		{F6815925-3E4F-41E3-81BF-F1D917C0994C}.Debug|Any CPU.Build.0 = Debug|Any CPU
		{F6815925-3E4F-41E3-81BF-F1D917C0994C}.Release|Any CPU.ActiveCfg = Release|Any CPU
		{F6815925-3E4F-41E3-81BF-F1D917C0994C}.Release|Any CPU.Build.0 = Release|Any CPU
		{3E98B54C-B403-4D70-8C2B-44057BA5F867}.Debug|Any CPU.ActiveCfg = Debug|Any CPU
		{3E98B54C-B403-4D70-8C2B-44057BA5F867}.Debug|Any CPU.Build.0 = Debug|Any CPU
		{3E98B54C-B403-4D70-8C2B-44057BA5F867}.Release|Any CPU.ActiveCfg = Release|Any CPU
		{3E98B54C-B403-4D70-8C2B-44057BA5F867}.Release|Any CPU.Build.0 = Release|Any CPU
	EndGlobalSection
	GlobalSection(SolutionProperties) = preSolution
		HideSolutionNode = FALSE
	EndGlobalSection
	GlobalSection(ExtensibilityGlobals) = postSolution
		SolutionGuid = {DFA44A3C-F608-4C1D-8CC2-E6F93CDBF116}
	EndGlobalSection
EndGlobal
